
Microsoft Visual Studio Solution File, Format Version 12.00
# Visual Studio Version 17
VisualStudioVersion = 17.0.31903.59
MinimumVisualStudioVersion = 10.0.40219.1
Project("{2150E333-8FDC-42A3-9474-1A3956D46DE8}") = "src", "src", "{827E0CD3-B72D-47B6-A68D-7590B98EB39B}"
EndProject
Project("{FAE04EC0-301F-11D3-BF4B-00C04F79EFBC}") = "Mass.Core", "src\Mass.Core\Mass.Core.csproj", "{781277E3-0EC2-478C-89E9-A01D882CE4BE}"
EndProject
Project("{FAE04EC0-301F-11D3-BF4B-00C04F79EFBC}") = "Mass.Launcher", "src\Mass.Launcher\Mass.Launcher.csproj", "{5A9AE2A8-899A-4C03-8F86-DA175253CEBA}"
EndProject
Project("{2150E333-8FDC-42A3-9474-1A3956D46DE8}") = "ProPXEServer", "ProPXEServer", "{7994DB0E-864E-E1E8-7F75-C431C0C85F8A}"
EndProject
Project("{2150E333-8FDC-42A3-9474-1A3956D46DE8}") = "ProPXEServer.API", "ProPXEServer.API", "{00CCC769-9904-53B7-07D0-4091A85F91E1}"
EndProject
Project("{FAE04EC0-301F-11D3-BF4B-00C04F79EFBC}") = "ProPXEServer.API", "src\ProPXEServer\ProPXEServer.API\ProPXEServer.API.csproj", "{AD2DA314-68AA-47AD-A960-818F72B5FA67}"
EndProject
Project("{FAE04EC0-301F-11D3-BF4B-00C04F79EFBC}") = "ProUSB", "src\ProUSB\ProUSB.csproj", "{88D863DE-AEF6-423F-BB5D-4FDBB986E768}"
EndProject
Project("{FAE04EC0-301F-11D3-BF4B-00C04F79EFBC}") = "Mass.CLI", "src\Mass.CLI\Mass.CLI.csproj", "{C1E041DD-42B3-417E-A3AA-49911BFE51B8}"
EndProject
Project("{FAE04EC0-301F-11D3-BF4B-00C04F79EFBC}") = "ProPXEServer.Plugin", "src\ProPXEServer\ProPXEServer.Plugin\ProPXEServer.Plugin.csproj", "{9354016F-2657-479B-A81C-19F755498D90}"
EndProject
Project("{FAE04EC0-301F-11D3-BF4B-00C04F79EFBC}") = "ProPXEServer.Client", "src\ProPXEServer\ProPXEServer.Client\ProPXEServer.Client.csproj", "{C1E041DD-42B3-417E-A3AA-49911BFE51B9}"
EndProject
Project("{FAE04EC0-301F-11D3-BF4B-00C04F79EFBC}") = "Mass.UI.Shared", "src\Mass.UI.Shared\Mass.UI.Shared.csproj", "{D936175F-4F87-42E7-B421-CBA41C89BDEF}"
EndProject
Project("{FAE04EC0-301F-11D3-BF4B-00C04F79EFBC}") = "Mass.Dashboard", "src\Mass.Dashboard\Mass.Dashboard.csproj", "{D6599791-F861-4A54-8B63-0BF7D58037FD}"
EndProject
Project("{FAE04EC0-301F-11D3-BF4B-00C04F79EFBC}") = "Mass.Agent", "src\Mass.Agent\Mass.Agent.csproj", "{1501D085-0A02-4A9B-A2EB-A5D4D9B4112B}"
EndProject
Project("{2150E333-8FDC-42A3-9474-1A3956D46DE8}") = "tests", "tests", "{0AB3BF05-4346-4AA6-1389-037BE0695223}"
EndProject
Project("{FAE04EC0-301F-11D3-BF4B-00C04F79EFBC}") = "Mass.Core.Tests", "tests\Mass.Core.Tests\Mass.Core.Tests.csproj", "{EE8092BF-94E1-4BFF-B2B3-A4B16A15A698}"
EndProject
Global
	GlobalSection(SolutionConfigurationPlatforms) = preSolution
		Debug|Any CPU = Debug|Any CPU
		Debug|x64 = Debug|x64
		Debug|x86 = Debug|x86
		Release|Any CPU = Release|Any CPU
		Release|x64 = Release|x64
		Release|x86 = Release|x86
	EndGlobalSection
	GlobalSection(ProjectConfigurationPlatforms) = postSolution
		{781277E3-0EC2-478C-89E9-A01D882CE4BE}.Debug|Any CPU.ActiveCfg = Debug|Any CPU
		{781277E3-0EC2-478C-89E9-A01D882CE4BE}.Debug|Any CPU.Build.0 = Debug|Any CPU
		{781277E3-0EC2-478C-89E9-A01D882CE4BE}.Debug|x64.ActiveCfg = Debug|Any CPU
		{781277E3-0EC2-478C-89E9-A01D882CE4BE}.Debug|x64.Build.0 = Debug|Any CPU
		{781277E3-0EC2-478C-89E9-A01D882CE4BE}.Debug|x86.ActiveCfg = Debug|Any CPU
		{781277E3-0EC2-478C-89E9-A01D882CE4BE}.Debug|x86.Build.0 = Debug|Any CPU
		{781277E3-0EC2-478C-89E9-A01D882CE4BE}.Release|Any CPU.ActiveCfg = Release|Any CPU
		{781277E3-0EC2-478C-89E9-A01D882CE4BE}.Release|Any CPU.Build.0 = Release|Any CPU
		{781277E3-0EC2-478C-89E9-A01D882CE4BE}.Release|x64.ActiveCfg = Release|Any CPU
		{781277E3-0EC2-478C-89E9-A01D882CE4BE}.Release|x64.Build.0 = Release|Any CPU
		{781277E3-0EC2-478C-89E9-A01D882CE4BE}.Release|x86.ActiveCfg = Release|Any CPU
		{781277E3-0EC2-478C-89E9-A01D882CE4BE}.Release|x86.Build.0 = Release|Any CPU
		{5A9AE2A8-899A-4C03-8F86-DA175253CEBA}.Debug|Any CPU.ActiveCfg = Debug|Any CPU
		{5A9AE2A8-899A-4C03-8F86-DA175253CEBA}.Debug|Any CPU.Build.0 = Debug|Any CPU
		{5A9AE2A8-899A-4C03-8F86-DA175253CEBA}.Debug|x64.ActiveCfg = Debug|Any CPU
		{5A9AE2A8-899A-4C03-8F86-DA175253CEBA}.Debug|x64.Build.0 = Debug|Any CPU
		{5A9AE2A8-899A-4C03-8F86-DA175253CEBA}.Debug|x86.ActiveCfg = Debug|Any CPU
		{5A9AE2A8-899A-4C03-8F86-DA175253CEBA}.Debug|x86.Build.0 = Debug|Any CPU
		{5A9AE2A8-899A-4C03-8F86-DA175253CEBA}.Release|Any CPU.ActiveCfg = Release|Any CPU
		{5A9AE2A8-899A-4C03-8F86-DA175253CEBA}.Release|Any CPU.Build.0 = Release|Any CPU
		{5A9AE2A8-899A-4C03-8F86-DA175253CEBA}.Release|x64.ActiveCfg = Release|Any CPU
		{5A9AE2A8-899A-4C03-8F86-DA175253CEBA}.Release|x64.Build.0 = Release|Any CPU
		{5A9AE2A8-899A-4C03-8F86-DA175253CEBA}.Release|x86.ActiveCfg = Release|Any CPU
		{5A9AE2A8-899A-4C03-8F86-DA175253CEBA}.Release|x86.Build.0 = Release|Any CPU
		{AD2DA314-68AA-47AD-A960-818F72B5FA67}.Debug|Any CPU.ActiveCfg = Debug|Any CPU
		{AD2DA314-68AA-47AD-A960-818F72B5FA67}.Debug|Any CPU.Build.0 = Debug|Any CPU
		{AD2DA314-68AA-47AD-A960-818F72B5FA67}.Debug|x64.ActiveCfg = Debug|Any CPU
		{AD2DA314-68AA-47AD-A960-818F72B5FA67}.Debug|x64.Build.0 = Debug|Any CPU
		{AD2DA314-68AA-47AD-A960-818F72B5FA67}.Debug|x86.ActiveCfg = Debug|Any CPU
		{AD2DA314-68AA-47AD-A960-818F72B5FA67}.Debug|x86.Build.0 = Debug|Any CPU
		{AD2DA314-68AA-47AD-A960-818F72B5FA67}.Release|Any CPU.ActiveCfg = Release|Any CPU
		{AD2DA314-68AA-47AD-A960-818F72B5FA67}.Release|Any CPU.Build.0 = Release|Any CPU
		{AD2DA314-68AA-47AD-A960-818F72B5FA67}.Release|x64.ActiveCfg = Release|Any CPU
		{AD2DA314-68AA-47AD-A960-818F72B5FA67}.Release|x64.Build.0 = Release|Any CPU
		{AD2DA314-68AA-47AD-A960-818F72B5FA67}.Release|x86.ActiveCfg = Release|Any CPU
		{AD2DA314-68AA-47AD-A960-818F72B5FA67}.Release|x86.Build.0 = Release|Any CPU
		{88D863DE-AEF6-423F-BB5D-4FDBB986E768}.Debug|Any CPU.ActiveCfg = Debug|Any CPU
		{88D863DE-AEF6-423F-BB5D-4FDBB986E768}.Debug|Any CPU.Build.0 = Debug|Any CPU
		{88D863DE-AEF6-423F-BB5D-4FDBB986E768}.Debug|x64.ActiveCfg = Debug|Any CPU
		{88D863DE-AEF6-423F-BB5D-4FDBB986E768}.Debug|x64.Build.0 = Debug|Any CPU
		{88D863DE-AEF6-423F-BB5D-4FDBB986E768}.Debug|x86.ActiveCfg = Debug|Any CPU
		{88D863DE-AEF6-423F-BB5D-4FDBB986E768}.Debug|x86.Build.0 = Debug|Any CPU
		{88D863DE-AEF6-423F-BB5D-4FDBB986E768}.Release|Any CPU.ActiveCfg = Release|Any CPU
		{88D863DE-AEF6-423F-BB5D-4FDBB986E768}.Release|Any CPU.Build.0 = Release|Any CPU
		{88D863DE-AEF6-423F-BB5D-4FDBB986E768}.Release|x64.ActiveCfg = Release|Any CPU
		{88D863DE-AEF6-423F-BB5D-4FDBB986E768}.Release|x64.Build.0 = Release|Any CPU
		{88D863DE-AEF6-423F-BB5D-4FDBB986E768}.Release|x86.ActiveCfg = Release|Any CPU
		{88D863DE-AEF6-423F-BB5D-4FDBB986E768}.Release|x86.Build.0 = Release|Any CPU
		{C1E041DD-42B3-417E-A3AA-49911BFE51B8}.Debug|Any CPU.ActiveCfg = Debug|Any CPU
		{C1E041DD-42B3-417E-A3AA-49911BFE51B8}.Debug|Any CPU.Build.0 = Debug|Any CPU
		{C1E041DD-42B3-417E-A3AA-49911BFE51B8}.Debug|x64.ActiveCfg = Debug|Any CPU
		{C1E041DD-42B3-417E-A3AA-49911BFE51B8}.Debug|x64.Build.0 = Debug|Any CPU
		{C1E041DD-42B3-417E-A3AA-49911BFE51B8}.Debug|x86.ActiveCfg = Debug|Any CPU
		{C1E041DD-42B3-417E-A3AA-49911BFE51B8}.Debug|x86.Build.0 = Debug|Any CPU
		{C1E041DD-42B3-417E-A3AA-49911BFE51B8}.Release|Any CPU.ActiveCfg = Release|Any CPU
		{C1E041DD-42B3-417E-A3AA-49911BFE51B8}.Release|Any CPU.Build.0 = Release|Any CPU
		{C1E041DD-42B3-417E-A3AA-49911BFE51B8}.Release|x64.ActiveCfg = Release|Any CPU
		{C1E041DD-42B3-417E-A3AA-49911BFE51B8}.Release|x64.Build.0 = Release|Any CPU
		{C1E041DD-42B3-417E-A3AA-49911BFE51B8}.Release|x86.ActiveCfg = Release|Any CPU
		{C1E041DD-42B3-417E-A3AA-49911BFE51B8}.Release|x86.Build.0 = Release|Any CPU
		{9354016F-2657-479B-A81C-19F755498D90}.Debug|Any CPU.ActiveCfg = Debug|Any CPU
		{9354016F-2657-479B-A81C-19F755498D90}.Debug|Any CPU.Build.0 = Debug|Any CPU
		{9354016F-2657-479B-A81C-19F755498D90}.Debug|x64.ActiveCfg = Debug|Any CPU
		{9354016F-2657-479B-A81C-19F755498D90}.Debug|x64.Build.0 = Debug|Any CPU
		{9354016F-2657-479B-A81C-19F755498D90}.Debug|x86.ActiveCfg = Debug|Any CPU
		{9354016F-2657-479B-A81C-19F755498D90}.Debug|x86.Build.0 = Debug|Any CPU
		{9354016F-2657-479B-A81C-19F755498D90}.Release|Any CPU.ActiveCfg = Release|Any CPU
		{9354016F-2657-479B-A81C-19F755498D90}.Release|Any CPU.Build.0 = Release|Any CPU
		{9354016F-2657-479B-A81C-19F755498D90}.Release|x64.ActiveCfg = Release|Any CPU
		{9354016F-2657-479B-A81C-19F755498D90}.Release|x64.Build.0 = Release|Any CPU
		{9354016F-2657-479B-A81C-19F755498D90}.Release|x86.ActiveCfg = Release|Any CPU
		{9354016F-2657-479B-A81C-19F755498D90}.Release|x86.Build.0 = Release|Any CPU
		{C1E041DD-42B3-417E-A3AA-49911BFE51B9}.Debug|Any CPU.ActiveCfg = Debug|Any CPU
		{C1E041DD-42B3-417E-A3AA-49911BFE51B9}.Debug|Any CPU.Build.0 = Debug|Any CPU
		{C1E041DD-42B3-417E-A3AA-49911BFE51B9}.Debug|x64.ActiveCfg = Debug|Any CPU
		{C1E041DD-42B3-417E-A3AA-49911BFE51B9}.Debug|x64.Build.0 = Debug|Any CPU
		{C1E041DD-42B3-417E-A3AA-49911BFE51B9}.Debug|x86.ActiveCfg = Debug|Any CPU
		{C1E041DD-42B3-417E-A3AA-49911BFE51B9}.Debug|x86.Build.0 = Debug|Any CPU
		{C1E041DD-42B3-417E-A3AA-49911BFE51B9}.Release|Any CPU.ActiveCfg = Release|Any CPU
		{C1E041DD-42B3-417E-A3AA-49911BFE51B9}.Release|Any CPU.Build.0 = Release|Any CPU
		{C1E041DD-42B3-417E-A3AA-49911BFE51B9}.Release|x64.ActiveCfg = Release|Any CPU
		{C1E041DD-42B3-417E-A3AA-49911BFE51B9}.Release|x64.Build.0 = Release|Any CPU
		{C1E041DD-42B3-417E-A3AA-49911BFE51B9}.Release|x86.ActiveCfg = Release|Any CPU
		{C1E041DD-42B3-417E-A3AA-49911BFE51B9}.Release|x86.Build.0 = Release|Any CPU
		{D936175F-4F87-42E7-B421-CBA41C89BDEF}.Debug|Any CPU.ActiveCfg = Debug|Any CPU
		{D936175F-4F87-42E7-B421-CBA41C89BDEF}.Debug|Any CPU.Build.0 = Debug|Any CPU
		{D936175F-4F87-42E7-B421-CBA41C89BDEF}.Debug|x64.ActiveCfg = Debug|Any CPU
		{D936175F-4F87-42E7-B421-CBA41C89BDEF}.Debug|x64.Build.0 = Debug|Any CPU
		{D936175F-4F87-42E7-B421-CBA41C89BDEF}.Debug|x86.ActiveCfg = Debug|Any CPU
		{D936175F-4F87-42E7-B421-CBA41C89BDEF}.Debug|x86.Build.0 = Debug|Any CPU
		{D936175F-4F87-42E7-B421-CBA41C89BDEF}.Release|Any CPU.ActiveCfg = Release|Any CPU
		{D936175F-4F87-42E7-B421-CBA41C89BDEF}.Release|Any CPU.Build.0 = Release|Any CPU
		{D936175F-4F87-42E7-B421-CBA41C89BDEF}.Release|x64.ActiveCfg = Release|Any CPU
		{D936175F-4F87-42E7-B421-CBA41C89BDEF}.Release|x64.Build.0 = Release|Any CPU
		{D936175F-4F87-42E7-B421-CBA41C89BDEF}.Release|x86.ActiveCfg = Release|Any CPU
		{D936175F-4F87-42E7-B421-CBA41C89BDEF}.Release|x86.Build.0 = Release|Any CPU
		{D6599791-F861-4A54-8B63-0BF7D58037FD}.Debug|Any CPU.ActiveCfg = Debug|Any CPU
		{D6599791-F861-4A54-8B63-0BF7D58037FD}.Debug|Any CPU.Build.0 = Debug|Any CPU
		{D6599791-F861-4A54-8B63-0BF7D58037FD}.Debug|x64.ActiveCfg = Debug|Any CPU
		{D6599791-F861-4A54-8B63-0BF7D58037FD}.Debug|x64.Build.0 = Debug|Any CPU
		{D6599791-F861-4A54-8B63-0BF7D58037FD}.Debug|x86.ActiveCfg = Debug|Any CPU
		{D6599791-F861-4A54-8B63-0BF7D58037FD}.Debug|x86.Build.0 = Debug|Any CPU
		{D6599791-F861-4A54-8B63-0BF7D58037FD}.Release|Any CPU.ActiveCfg = Release|Any CPU
		{D6599791-F861-4A54-8B63-0BF7D58037FD}.Release|Any CPU.Build.0 = Release|Any CPU
		{D6599791-F861-4A54-8B63-0BF7D58037FD}.Release|x64.ActiveCfg = Release|Any CPU
		{D6599791-F861-4A54-8B63-0BF7D58037FD}.Release|x64.Build.0 = Release|Any CPU
		{D6599791-F861-4A54-8B63-0BF7D58037FD}.Release|x86.ActiveCfg = Release|Any CPU
		{D6599791-F861-4A54-8B63-0BF7D58037FD}.Release|x86.Build.0 = Release|Any CPU
		{1501D085-0A02-4A9B-A2EB-A5D4D9B4112B}.Debug|Any CPU.ActiveCfg = Debug|Any CPU
		{1501D085-0A02-4A9B-A2EB-A5D4D9B4112B}.Debug|Any CPU.Build.0 = Debug|Any CPU
		{1501D085-0A02-4A9B-A2EB-A5D4D9B4112B}.Debug|x64.ActiveCfg = Debug|Any CPU
		{1501D085-0A02-4A9B-A2EB-A5D4D9B4112B}.Debug|x64.Build.0 = Debug|Any CPU
		{1501D085-0A02-4A9B-A2EB-A5D4D9B4112B}.Debug|x86.ActiveCfg = Debug|Any CPU
		{1501D085-0A02-4A9B-A2EB-A5D4D9B4112B}.Debug|x86.Build.0 = Debug|Any CPU
		{1501D085-0A02-4A9B-A2EB-A5D4D9B4112B}.Release|Any CPU.ActiveCfg = Release|Any CPU
		{1501D085-0A02-4A9B-A2EB-A5D4D9B4112B}.Release|Any CPU.Build.0 = Release|Any CPU
		{1501D085-0A02-4A9B-A2EB-A5D4D9B4112B}.Release|x64.ActiveCfg = Release|Any CPU
		{1501D085-0A02-4A9B-A2EB-A5D4D9B4112B}.Release|x64.Build.0 = Release|Any CPU
		{1501D085-0A02-4A9B-A2EB-A5D4D9B4112B}.Release|x86.ActiveCfg = Release|Any CPU
		{1501D085-0A02-4A9B-A2EB-A5D4D9B4112B}.Release|x86.Build.0 = Release|Any CPU
		{EE8092BF-94E1-4BFF-B2B3-A4B16A15A698}.Debug|Any CPU.ActiveCfg = Debug|Any CPU
		{EE8092BF-94E1-4BFF-B2B3-A4B16A15A698}.Debug|Any CPU.Build.0 = Debug|Any CPU
		{EE8092BF-94E1-4BFF-B2B3-A4B16A15A698}.Debug|x64.ActiveCfg = Debug|Any CPU
		{EE8092BF-94E1-4BFF-B2B3-A4B16A15A698}.Debug|x64.Build.0 = Debug|Any CPU
		{EE8092BF-94E1-4BFF-B2B3-A4B16A15A698}.Debug|x86.ActiveCfg = Debug|Any CPU
		{EE8092BF-94E1-4BFF-B2B3-A4B16A15A698}.Debug|x86.Build.0 = Debug|Any CPU
		{EE8092BF-94E1-4BFF-B2B3-A4B16A15A698}.Release|Any CPU.ActiveCfg = Release|Any CPU
		{EE8092BF-94E1-4BFF-B2B3-A4B16A15A698}.Release|Any CPU.Build.0 = Release|Any CPU
		{EE8092BF-94E1-4BFF-B2B3-A4B16A15A698}.Release|x64.ActiveCfg = Release|Any CPU
		{EE8092BF-94E1-4BFF-B2B3-A4B16A15A698}.Release|x64.Build.0 = Release|Any CPU
		{EE8092BF-94E1-4BFF-B2B3-A4B16A15A698}.Release|x86.ActiveCfg = Release|Any CPU
		{EE8092BF-94E1-4BFF-B2B3-A4B16A15A698}.Release|x86.Build.0 = Release|Any CPU
	EndGlobalSection
	GlobalSection(SolutionProperties) = preSolution
		HideSolutionNode = FALSE
	EndGlobalSection
	GlobalSection(NestedProjects) = preSolution
		{781277E3-0EC2-478C-89E9-A01D882CE4BE} = {827E0CD3-B72D-47B6-A68D-7590B98EB39B}
		{5A9AE2A8-899A-4C03-8F86-DA175253CEBA} = {827E0CD3-B72D-47B6-A68D-7590B98EB39B}
		{7994DB0E-864E-E1E8-7F75-C431C0C85F8A} = {827E0CD3-B72D-47B6-A68D-7590B98EB39B}
		{00CCC769-9904-53B7-07D0-4091A85F91E1} = {7994DB0E-864E-E1E8-7F75-C431C0C85F8A}
		{AD2DA314-68AA-47AD-A960-818F72B5FA67} = {00CCC769-9904-53B7-07D0-4091A85F91E1}
		{88D863DE-AEF6-423F-BB5D-4FDBB986E768} = {827E0CD3-B72D-47B6-A68D-7590B98EB39B}
		{C1E041DD-42B3-417E-A3AA-49911BFE51B8} = {827E0CD3-B72D-47B6-A68D-7590B98EB39B}
		{9354016F-2657-479B-A81C-19F755498D90} = {7994DB0E-864E-E1E8-7F75-C431C0C85F8A}
		{C1E041DD-42B3-417E-A3AA-49911BFE51B9} = {7994DB0E-864E-E1E8-7F75-C431C0C85F8A}
		{D936175F-4F87-42E7-B421-CBA41C89BDEF} = {827E0CD3-B72D-47B6-A68D-7590B98EB39B}
		{D6599791-F861-4A54-8B63-0BF7D58037FD} = {827E0CD3-B72D-47B6-A68D-7590B98EB39B}
		{1501D085-0A02-4A9B-A2EB-A5D4D9B4112B} = {827E0CD3-B72D-47B6-A68D-7590B98EB39B}
		{EE8092BF-94E1-4BFF-B2B3-A4B16A15A698} = {0AB3BF05-4346-4AA6-1389-037BE0695223}
	EndGlobalSection
EndGlobal
